dependencies:
- name: kube-prometheus-stack
  repository: https://prometheus-community.github.io/helm-charts
  version: 65.5.1
- name: loki
  repository: https://grafana.github.io/helm-charts
  version: 6.24.0
- name: promtail
  repository: https://grafana.github.io/helm-charts
  version: 6.16.6
digest: sha256:9dd4560f90753ff528cea966e4e0fab03845ee95563d2c542a39dfeaf9050921
generated: "2026-09-26T17:09:07.587461+02:00"
