dependencies:
- name: cert-manager
  repository: https://charts.jetstack.io
  version: v1.16.2
- name: external-secrets
  repository: https://charts.external-secrets.io
  version: 0.10.7
- name: vault
  repository: https://helm.releases.hashicorp.com
  version: 0.34.1
digest: sha256:fcec6dcf51076a0f3cfa0a3e86b8d6b65b0048ab1b850fc2f9e9623c57ebb5c6
generated: "2026-09-26T18:29:52.0336555+02:00"
